dependencies:
- name: app
  repository: file://subcharts/app
  version: 0.1.0
- name: mongo
  repository: file://subcharts/mongo
  version: 0.1.0
- name: elk
  repository: file://subcharts/elk
  version: 1.16.0
digest: sha256:58b449e39a28b6474a0303ccfd948ae88bb1e9dd286964503316cd6551b55d9b
generated: "2021-07-30T15:49:32.802904754+02:00"
