dependencies:
- name: uploader-app
  repository: file://subcharts/uploader-app
  version: 0.1.0
- name: mongo
  repository: file://subcharts/mongo
  version: 0.1.0
- name: logstash
  repository: https://helm.elastic.co
  version: 7.13.3
digest: sha256:b30146ba1fe577a27d875617f457dfcd125baf4006962b9061db2d7413cabe1f
generated: "2021-07-20T14:53:05.348007428+02:00"
